
Microsoft Visual Studio Solution File, Format Version 11.00
# Visual C++ Express 2010
Project("{8BC9CEB8-8B4A-11D0-8D11-00A0C91BC942}") = "ExportPSD", "ExportPSD.vcxproj", "{E0040E39-DCE0-4974-A673-ECEB4DAD0BB6}"
EndProject
Global
	GlobalSection(SolutionConfigurationPlatforms) = preSolution
		Debug|Win32 = Debug|Win32
		Release|Win32 = Release|Win32
	EndGlobalSection
	GlobalSection(ProjectConfigurationPlatforms) = postSolution
		{E0040E39-DCE0-4974-A673-ECEB4DAD0BB6}.Debug|Win32.ActiveCfg = Debug|Win32
		{E0040E39-DCE0-4974-A673-ECEB4DAD0BB6}.Debug|Win32.Build.0 = Debug|Win32
		{E0040E39-DCE0-4974-A673-ECEB4DAD0BB6}.Release|Win32.ActiveCfg = Release|Win32
		{E0040E39-DCE0-4974-A673-ECEB4DAD0BB6}.Release|Win32.Build.0 = Release|Win32
	EndGlobalSection
	GlobalSection(SolutionProperties) = preSolution
		HideSolutionNode = FALSE
	EndGlobalSection
EndGlobal
